
Microsoft Visual Studio Solution File, Format Version 12.00
# Visual Studio 2013
VisualStudioVersion = 12.0.30723.0
MinimumVisualStudioVersion = 10.0.40219.1
Project("{FAE04EC0-301F-11D3-BF4B-00C04F79EFBC}") = "ConsoleApp", "ConsoleApp\ConsoleApp.csproj", "{3D72C5C7-6E76-4470-A373-0FDF14A7943A}"
EndProject
Project("{FAE04EC0-301F-11D3-BF4B-00C04F79EFBC}") = "MarkdownConverter.Tests", "MarkdownConverter.Tests\MarkdownConverter.Tests.csproj", "{04B11C60-ABC7-4D85-B15D-D9DDF1EA6385}"
EndProject
Project("{FAE04EC0-301F-11D3-BF4B-00C04F79EFBC}") = "MarkdownConverter", "MarkdownConverter\MarkdownConverter.csproj", "{B539A6F5-8035-455D-B65E-36025E1ADD21}"
EndProject
Global
	GlobalSection(SolutionConfigurationPlatforms) = preSolution
		Debug|Any CPU = Debug|Any CPU
		Release|Any CPU = Release|Any CPU
	EndGlobalSection
	GlobalSection(ProjectConfigurationPlatforms) = postSolution
		{3D72C5C7-6E76-4470-A373-0FDF14A7943A}.Debug|Any CPU.ActiveCfg = Debug|Any CPU
		{3D72C5C7-6E76-4470-A373-0FDF14A7943A}.Debug|Any CPU.Build.0 = Debug|Any CPU
		{3D72C5C7-6E76-4470-A373-0FDF14A7943A}.Release|Any CPU.ActiveCfg = Release|Any CPU
		{3D72C5C7-6E76-4470-A373-0FDF14A7943A}.Release|Any CPU.Build.0 = Release|Any CPU
		{04B11C60-ABC7-4D85-B15D-D9DDF1EA6385}.Debug|Any CPU.ActiveCfg = Debug|Any CPU
		{04B11C60-ABC7-4D85-B15D-D9DDF1EA6385}.Debug|Any CPU.Build.0 = Debug|Any CPU
		{04B11C60-ABC7-4D85-B15D-D9DDF1EA6385}.Release|Any CPU.ActiveCfg = Release|Any CPU
		{04B11C60-ABC7-4D85-B15D-D9DDF1EA6385}.Release|Any CPU.Build.0 = Release|Any CPU
		{B539A6F5-8035-455D-B65E-36025E1ADD21}.Debug|Any CPU.ActiveCfg = Debug|Any CPU
		{B539A6F5-8035-455D-B65E-36025E1ADD21}.Debug|Any CPU.Build.0 = Debug|Any CPU
		{B539A6F5-8035-455D-B65E-36025E1ADD21}.Release|Any CPU.ActiveCfg = Release|Any CPU
		{B539A6F5-8035-455D-B65E-36025E1ADD21}.Release|Any CPU.Build.0 = Release|Any CPU
	EndGlobalSection
	GlobalSection(SolutionProperties) = preSolution
		HideSolutionNode = FALSE
	EndGlobalSection
EndGlobal
